// !$*UTF8*$!
{
	archiveVersion = 1;
	classes = {
	};
	objectVersion = 55;
	objects = {

/* Begin PBXBuildFile section */
		84305F0727A1381300AB0C73 /* AppDelegate.swift in Sources */ = {isa = PBXBuildFile; fileRef = 84305F0627A1381300AB0C73 /* AppDelegate.swift */; };
		84305F0927A1381300AB0C73 /* SceneDelegate.swift in Sources */ = {isa = PBXBuildFile; fileRef = 84305F0827A1381300AB0C73 /* SceneDelegate.swift */; };
		84305F0B27A1381300AB0C73 /* ViewController.swift in Sources */ = {isa = PBXBuildFile; fileRef = 84305F0A27A1381300AB0C73 /* ViewController.swift */; };
		84305F0E27A1381300AB0C73 /* Main.storyboard in Resources */ = {isa = PBXBuildFile; fileRef = 84305F0C27A1381300AB0C73 /* Main.storyboard */; };
		84305F1027A1381500AB0C73 /* Assets.xcassets in Resources */ = {isa = PBXBuildFile; fileRef = 84305F0F27A1381500AB0C73 /* Assets.xcassets */; };
		84305F1327A1381500AB0C73 /* LaunchScreen.storyboard in Resources */ = {isa = PBXBuildFile; fileRef = 84305F1127A1381500AB0C73 /* LaunchScreen.storyboard */; };
		84CBAA2E27A13DB900A395B6 /* CustomSegmentedView in Frameworks */ = {isa = PBXBuildFile; productRef = 84CBAA2D27A13DB900A395B6 /* CustomSegmentedView */; };
/* End PBXBuildFile section */

/* Begin PBXFileReference section */
		84305F0327A1381300AB0C73 /* CustomSegmentedViewTest.app */ = {isa = PBXFileReference; explicitFileType = wrapper.application; includeInIndex = 0; path = CustomSegmentedViewTest.app; sourceTree = BUILT_PRODUCTS_DIR; };
		84305F0627A1381300AB0C73 /* AppDelegate.swift */ = {isa = PBXFileReference; lastKnownFileType = sourcecode.swift; path = AppDelegate.swift; sourceTree = "<group>"; };
		84305F0827A1381300AB0C73 /* SceneDelegate.swift */ = {isa = PBXFileReference; lastKnownFileType = sourcecode.swift; path = SceneDelegate.swift; sourceTree = "<group>"; };
		84305F0A27A1381300AB0C73 /* ViewController.swift */ = {isa = PBXFileReference; lastKnownFileType = sourcecode.swift; path = ViewController.swift; sourceTree = "<group>"; };
		84305F0D27A1381300AB0C73 /* Base */ = {isa = PBXFileReference; lastKnownFileType = file.storyboard; name = Base; path = Base.lproj/Main.storyboard; sourceTree = "<group>"; };
		84305F0F27A1381500AB0C73 /* Assets.xcassets */ = {isa = PBXFileReference; lastKnownFileType = folder.assetcatalog; path = Assets.xcassets; sourceTree = "<group>"; };
		84305F1227A1381500AB0C73 /* Base */ = {isa = PBXFileReference; lastKnownFileType = file.storyboard; name = Base; path = Base.lproj/LaunchScreen.storyboard; sourceTree = "<group>"; };
		84305F1427A1381500AB0C73 /* Info.plist */ = {isa = PBXFileReference; lastKnownFileType = text.plist.xml; path = Info.plist; sourceTree = "<group>"; };
		84CBAA2C27A13D8800A395B6 /* CustomSegmentedView */ = {isa = PBXFileReference; lastKnownFileType = wrapper; name = CustomSegmentedView; path = ../..; sourceTree = "<group>"; };
/* End PBXFileReference section */

/* Begin PBXFrameworksBuildPhase section */
		84305F0027A1381300AB0C73 /* Frameworks */ = {
			isa = PBXFrameworksBuildPhase;
			buildActionMask = 2147483647;
			files = (
				84CBAA2E27A13DB900A395B6 /* CustomSegmentedView in Frameworks */,
			);
			runOnlyForDeploymentPostprocessing = 0;
		};
/* End PBXFrameworksBuildPhase section */

/* Begin PBXGroup section */
		84305EFA27A1381300AB0C73 = {
			isa = PBXGroup;
			children = (
				84CBAA2727A1386300A395B6 /* Packages */,
				84305F0527A1381300AB0C73 /* CustomSegmentedViewTest */,
				84305F0427A1381300AB0C73 /* Products */,
				84CBAA2927A1386C00A395B6 /* Frameworks */,
			);
			sourceTree = "<group>";
		};
		84305F0427A1381300AB0C73 /* Products */ = {
			isa = PBXGroup;
			children = (
				84305F0327A1381300AB0C73 /* CustomSegmentedViewTest.app */,
			);
			name = Products;
			sourceTree = "<group>";
		};
		84305F0527A1381300AB0C73 /* CustomSegmentedViewTest */ = {
			isa = PBXGroup;
			children = (
				84305F0627A1381300AB0C73 /* AppDelegate.swift */,
				84305F0827A1381300AB0C73 /* SceneDelegate.swift */,
				84305F0A27A1381300AB0C73 /* ViewController.swift */,
				84305F0C27A1381300AB0C73 /* Main.storyboard */,
				84305F0F27A1381500AB0C73 /* Assets.xcassets */,
				84305F1127A1381500AB0C73 /* LaunchScreen.storyboard */,
				84305F1427A1381500AB0C73 /* Info.plist */,
			);
			path = CustomSegmentedViewTest;
			sourceTree = "<group>";
		};
		84CBAA2727A1386300A395B6 /* Packages */ = {
			isa = PBXGroup;
			children = (
				84CBAA2C27A13D8800A395B6 /* CustomSegmentedView */,
			);
			name = Packages;
			sourceTree = "<group>";
		};
		84CBAA2927A1386C00A395B6 /* Frameworks */ = {
			isa = PBXGroup;
			children = (
			);
			name = Frameworks;
			sourceTree = "<group>";
		};
/* End PBXGroup section */

/* Begin PBXNativeTarget section */
		84305F0227A1381300AB0C73 /* CustomSegmentedViewTest */ = {
			isa = PBXNativeTarget;
			buildConfigurationList = 84305F1727A1381500AB0C73 /* Build configuration list for PBXNativeTarget "CustomSegmentedViewTest" */;
			buildPhases = (
				84305EFF27A1381300AB0C73 /* Sources */,
				84305F0027A1381300AB0C73 /* Frameworks */,
				84305F0127A1381300AB0C73 /* Resources */,
			);
			buildRules = (
			);
			dependencies = (
			);
			name = CustomSegmentedViewTest;
			packageProductDependencies = (
				84CBAA2D27A13DB900A395B6 /* CustomSegmentedView */,
			);
			productName = CustomSegmentedViewTest;
			productReference = 84305F0327A1381300AB0C73 /* CustomSegmentedViewTest.app */;
			productType = "com.apple.product-type.application";
		};
/* End PBXNativeTarget section */

/* Begin PBXProject section */
		84305EFB27A1381300AB0C73 /* Project object */ = {
			isa = PBXProject;
			attributes = {
				BuildIndependentTargetsInParallel = 1;
				LastSwiftUpdateCheck = 1320;
				LastUpgradeCheck = 1320;
				TargetAttributes = {
					84305F0227A1381300AB0C73 = {
						CreatedOnToolsVersion = 13.2.1;
					};
				};
			};
			buildConfigurationList = 84305EFE27A1381300AB0C73 /* Build configuration list for PBXProject "CustomSegmentedViewTest" */;
			compatibilityVersion = "Xcode 13.0";
			developmentRegion = en;
			hasScannedForEncodings = 0;
			knownRegions = (
				en,
				Base,
			);
			mainGroup = 84305EFA27A1381300AB0C73;
			productRefGroup = 84305F0427A1381300AB0C73 /* Products */;
			projectDirPath = "";
			projectRoot = "";
			targets = (
				84305F0227A1381300AB0C73 /* CustomSegmentedViewTest */,
			);
		};
/* End PBXProject section */

/* Begin PBXResourcesBuildPhase section */
		84305F0127A1381300AB0C73 /* Resources */ = {
			isa = PBXResourcesBuildPhase;
			buildActionMask = 2147483647;
			files = (
				84305F1327A1381500AB0C73 /* LaunchScreen.storyboard in Resources */,
				84305F1027A1381500AB0C73 /* Assets.xcassets in Resources */,
				84305F0E27A1381300AB0C73 /* Main.storyboard in Resources */,
			);
			runOnlyForDeploymentPostprocessing = 0;
		};
/* End PBXResourcesBuildPhase section */

/* Begin PBXSourcesBuildPhase section */
		84305EFF27A1381300AB0C73 /* Sources */ = {
			isa = PBXSourcesBuildPhase;
			buildActionMask = 2147483647;
			files = (
				84305F0B27A1381300AB0C73 /* ViewController.swift in Sources */,
				84305F0727A1381300AB0C73 /* AppDelegate.swift in Sources */,
				84305F0927A1381300AB0C73 /* SceneDelegate.swift in Sources */,
			);
			runOnlyForDeploymentPostprocessing = 0;
		};
/* End PBXSourcesBuildPhase section */

/* Begin PBXVariantGroup section */
		84305F0C27A1381300AB0C73 /* Main.storyboard */ = {
			isa = PBXVariantGroup;
			children = (
				84305F0D27A1381300AB0C73 /* Base */,
			);
			name = Main.storyboard;
			sourceTree = "<group>";
		};
		84305F1127A1381500AB0C73 /* LaunchScreen.storyboard */ = {
			isa = PBXVariantGroup;
			children = (
				84305F1227A1381500AB0C73 /* Base */,
			);
			name = LaunchScreen.storyboard;
			sourceTree = "<group>";
		};
/* End PBXVariantGroup section */

/* Begin XCBuildConfiguration section */
		84305F1527A1381500AB0C73 /* Debug */ = {
			isa = XCBuildConfiguration;
			buildSettings = {
				ALWAYS_SEARCH_USER_PATHS = NO;
				CLANG_ANALYZER_NONNULL = YES;
				CLANG_ANALYZER_NUMBER_OBJECT_CONVERSION = YES_AGGRESSIVE;
				CLANG_CXX_LANGUAGE_STANDARD = "gnu++17";
				CLANG_CXX_LIBRARY = "libc++";
				CLANG_ENABLE_MODULES = YES;
				CLANG_ENABLE_OBJC_ARC = YES;
				CLANG_ENABLE_OBJC_WEAK = YES;
				CLANG_WARN_BLOCK_CAPTURE_AUTORELEASING = YES;
				CLANG_WARN_BOOL_CONVERSION = YES;
				CLANG_WARN_COMMA = YES;
				CLANG_WARN_CONSTANT_CONVERSION = YES;
				CLANG_WARN_DEPRECATED_OBJC_IMPLEMENTATIONS = YES;
				CLANG_WARN_DIRECT_OBJC_ISA_USAGE = YES_ERROR;
				CLANG_WARN_DOCUMENTATION_COMMENTS = YES;
				CLANG_WARN_EMPTY_BODY = YES;
				CLANG_WARN_ENUM_CONVERSION = YES;
				CLANG_WARN_INFINITE_RECURSION = YES;
				CLANG_WARN_INT_CONVERSION = YES;
				CLANG_WARN_NON_LITERAL_NULL_CONVERSION = YES;
				CLANG_WARN_OBJC_IMPLICIT_RETAIN_SELF = YES;
				CLANG_WARN_OBJC_LITERAL_CONVERSION = YES;
				CLANG_WARN_OBJC_ROOT_CLASS = YES_ERROR;
				CLANG_WARN_QUOTED_INCLUDE_IN_FRAMEWORK_HEADER = YES;
				CLANG_WARN_RANGE_LOOP_ANALYSIS = YES;
				CLANG_WARN_STRICT_PROTOTYPES = YES;
				CLANG_WARN_SUSPICIOUS_MOVE = YES;
				CLANG_WARN_UNGUARDED_AVAILABILITY = YES_AGGRESSIVE;
				CLANG_WARN_UNREACHABLE_CODE = YES;
				CLANG_WARN__DUPLICATE_METHOD_MATCH = YES;
				COPY_PHASE_STRIP = NO;
				DEBUG_INFORMATION_FORMAT = dwarf;
				ENABLE_STRICT_OBJC_MSGSEND = YES;
				ENABLE_TESTABILITY = YES;
				GCC_C_LANGUAGE_STANDARD = gnu11;
				GCC_DYNAMIC_NO_PIC = NO;
				GCC_NO_COMMON_BLOCKS = YES;
				GCC_OPTIMIZATION_LEVEL = 0;
				GCC_PREPROCESSOR_DEFINITIONS = (
					"DEBUG=1",
					"$(inherited)",
				);
				GCC_WARN_64_TO_32_BIT_CONVERSION = YES;
				GCC_WARN_ABOUT_RETURN_TYPE = YES_ERROR;
				GCC_WARN_UNDECLARED_SELECTOR = YES;
				GCC_WARN_UNINITIALIZED_AUTOS = YES_AGGRESSIVE;
				GCC_WARN_UNUSED_FUNCTION = YES;
				GCC_WARN_UNUSED_VARIABLE = YES;
				IPHONEOS_DEPLOYMENT_TARGET = 15.2;
				MTL_ENABLE_DEBUG_INFO = INCLUDE_SOURCE;
				MTL_FAST_MATH = YES;
				ONLY_ACTIVE_ARCH = YES;
				SDKROOT = iphoneos;
				SWIFT_ACTIVE_COMPILATION_CONDITIONS = DEBUG;
				SWIFT_OPTIMIZATION_LEVEL = "-Onone";
			};
			name = Debug;
		};
		84305F1627A1381500AB0C73 /* Release */ = {
			isa = XCBuildConfiguration;
			buildSettings = {
				ALWAYS_SEARCH_USER_PATHS = NO;
				CLANG_ANALYZER_NONNULL = YES;
				CLANG_ANALYZER_NUMBER_OBJECT_CONVERSION = YES_AGGRESSIVE;
				CLANG_CXX_LANGUAGE_STANDARD = "gnu++17";
				CLANG_CXX_LIBRARY = "libc++";
				CLANG_ENABLE_MODULES = YES;
				CLANG_ENABLE_OBJC_ARC = YES;
				CLANG_ENABLE_OBJC_WEAK = YES;
				CLANG_WARN_BLOCK_CAPTURE_AUTORELEASING = YES;
				CLANG_WARN_BOOL_CONVERSION = YES;
				CLANG_WARN_COMMA = YES;
				CLANG_WARN_CONSTANT_CONVERSION = YES;
				CLANG_WARN_DEPRECATED_OBJC_IMPLEMENTATIONS = YES;
				CLANG_WARN_DIRECT_OBJC_ISA_USAGE = YES_ERROR;
				CLANG_WARN_DOCUMENTATION_COMMENTS = YES;
				CLANG_WARN_EMPTY_BODY = YES;
				CLANG_WARN_ENUM_CONVERSION = YES;
				CLANG_WARN_INFINITE_RECURSION = YES;
				CLANG_WARN_INT_CONVERSION = YES;
				CLANG_WARN_NON_LITERAL_NULL_CONVERSION = YES;
				CLANG_WARN_OBJC_IMPLICIT_RETAIN_SELF = YES;
				CLANG_WARN_OBJC_LITERAL_CONVERSION = YES;
				CLANG_WARN_OBJC_ROOT_CLASS = YES_ERROR;
				CLANG_WARN_QUOTED_INCLUDE_IN_FRAMEWORK_HEADER = YES;
				CLANG_WARN_RANGE_LOOP_ANALYSIS = YES;
				CLANG_WARN_STRICT_PROTOTYPES = YES;
				CLANG_WARN_SUSPICIOUS_MOVE = YES;
				CLANG_WARN_UNGUARDED_AVAILABILITY = YES_AGGRESSIVE;
				CLANG_WARN_UNREACHABLE_CODE = YES;
				CLANG_WARN__DUPLICATE_METHOD_MATCH = YES;
				COPY_PHASE_STRIP = NO;
				DEBUG_INFORMATION_FORMAT = "dwarf-with-dsym";
				ENABLE_NS_ASSERTIONS = NO;
				ENABLE_STRICT_OBJC_MSGSEND = YES;
				GCC_C_LANGUAGE_STANDARD = gnu11;
				GCC_NO_COMMON_BLOCKS = YES;
				GCC_WARN_64_TO_32_BIT_CONVERSION = YES;
				GCC_WARN_ABOUT_RETURN_TYPE = YES_ERROR;
				GCC_WARN_UNDECLARED_SELECTOR = YES;
				GCC_WARN_UNINITIALIZED_AUTOS = YES_AGGRESSIVE;
				GCC_WARN_UNUSED_FUNCTION = YES;
				GCC_WARN_UNUSED_VARIABLE = YES;
				IPHONEOS_DEPLOYMENT_TARGET = 15.2;
				MTL_ENABLE_DEBUG_INFO = NO;
				MTL_FAST_MATH = YES;
				SDKROOT = iphoneos;
				SWIFT_COMPILATION_MODE = wholemodule;
				SWIFT_OPTIMIZATION_LEVEL = "-O";
				VALIDATE_PRODUCT = YES;
			};
			name = Release;
		};
		84305F1827A1381500AB0C73 /* Debug */ = {
			isa = XCBuildConfiguration;
			buildSettings = {
				ASSETCATALOG_COMPILER_APPICON_NAME = AppIcon;
				ASSETCATALOG_COMPILER_GLOBAL_ACCENT_COLOR_NAME = AccentColor;
				CODE_SIGN_STYLE = Automatic;
				CURRENT_PROJECT_VERSION = 1;
				DEVELOPMENT_TEAM = 5N8Z779NVA;
				GENERATE_INFOPLIST_FILE = YES;
				INFOPLIST_FILE = CustomSegmentedViewTest/Info.plist;
				INFOPLIST_KEY_UIApplicationSupportsIndirectInputEvents = YES;
				INFOPLIST_KEY_UILaunchStoryboardName = LaunchScreen;
				INFOPLIST_KEY_UIMainStoryboardFile = Main;
				INFOPLIST_KEY_UISupportedInterfaceOrientations_iPad = "UIInterfaceOrientationPortrait UIInterfaceOrientationPortraitUpsideDown UIInterfaceOrientationLandscapeLeft UIInterfaceOrientationLandscapeRight";
				INFOPLIST_KEY_UISupportedInterfaceOrientations_iPhone = "UIInterfaceOrientationPortrait UIInterfaceOrientationLandscapeLeft UIInterfaceOrientationLandscapeRight";
				LD_RUNPATH_SEARCH_PATHS = (
					"$(inherited)",
					"@executable_path/Frameworks",
				);
				MARKETING_VERSION = 1.0;
				PRODUCT_BUNDLE_IDENTIFIER = weplay.sport.CustomSegmentedViewTest;
				PRODUCT_NAME = "$(TARGET_NAME)";
				SWIFT_EMIT_LOC_STRINGS = YES;
				SWIFT_VERSION = 5.0;
				TARGETED_DEVICE_FAMILY = "1,2";
			};
			name = Debug;
		};
		84305F1927A1381500AB0C73 /* Release */ = {
			isa = XCBuildConfiguration;
			buildSettings = {
				ASSETCATALOG_COMPILER_APPICON_NAME = AppIcon;
				ASSETCATALOG_COMPILER_GLOBAL_ACCENT_COLOR_NAME = AccentColor;
				CODE_SIGN_STYLE = Automatic;
				CURRENT_PROJECT_VERSION = 1;
				DEVELOPMENT_TEAM = 5N8Z779NVA;
				GENERATE_INFOPLIST_FILE = YES;
				INFOPLIST_FILE = CustomSegmentedViewTest/Info.plist;
				INFOPLIST_KEY_UIApplicationSupportsIndirectInputEvents = YES;
				INFOPLIST_KEY_UILaunchStoryboardName = LaunchScreen;
				INFOPLIST_KEY_UIMainStoryboardFile = Main;
				INFOPLIST_KEY_UISupportedInterfaceOrientations_iPad = "UIInterfaceOrientationPortrait UIInterfaceOrientationPortraitUpsideDown UIInterfaceOrientationLandscapeLeft UIInterfaceOrientationLandscapeRight";
				INFOPLIST_KEY_UISupportedInterfaceOrientations_iPhone = "UIInterfaceOrientationPortrait UIInterfaceOrientationLandscapeLeft UIInterfaceOrientationLandscapeRight";
				LD_RUNPATH_SEARCH_PATHS = (
					"$(inherited)",
					"@executable_path/Frameworks",
				);
				MARKETING_VERSION = 1.0;
				PRODUCT_BUNDLE_IDENTIFIER = weplay.sport.CustomSegmentedViewTest;
				PRODUCT_NAME = "$(TARGET_NAME)";
				SWIFT_EMIT_LOC_STRINGS = YES;
				SWIFT_VERSION = 5.0;
				TARGETED_DEVICE_FAMILY = "1,2";
			};
			name = Release;
		};
/* End XCBuildConfiguration section */

/* Begin XCConfigurationList section */
		84305EFE27A1381300AB0C73 /* Build configuration list for PBXProject "CustomSegmentedViewTest" */ = {
			isa = XCConfigurationList;
			buildConfigurations = (
				84305F1527A1381500AB0C73 /* Debug */,
				84305F1627A1381500AB0C73 /* Release */,
			);
			defaultConfigurationIsVisible = 0;
			defaultConfigurationName = Release;
		};
		84305F1727A1381500AB0C73 /* Build configuration list for PBXNativeTarget "CustomSegmentedViewTest" */ = {
			isa = XCConfigurationList;
			buildConfigurations = (
				84305F1827A1381500AB0C73 /* Debug */,
				84305F1927A1381500AB0C73 /* Release */,
			);
			defaultConfigurationIsVisible = 0;
			defaultConfigurationName = Release;
		};
/* End XCConfigurationList section */

/* Begin XCSwiftPackageProductDependency section */
		84CBAA2D27A13DB900A395B6 /* CustomSegmentedView */ = {
			isa = XCSwiftPackageProductDependency;
			productName = CustomSegmentedView;
		};
/* End XCSwiftPackageProductDependency section */
	};
	rootObject = 84305EFB27A1381300AB0C73 /* Project object */;
}
